
Microsoft Visual Studio Solution File, Format Version 10.00
# Visual Studio 2008
Project("{FAE04EC0-301F-11D3-BF4B-00C04F79EFBC}") = "OOXMLXSLTTransform", "OOXMLXSLTTransform\OOXMLXSLTTransform.csproj", "{B3B72B1B-2385-4A31-8C30-E760602B5D62}"
EndProject
Global
	GlobalSection(SolutionConfigurationPlatforms) = preSolution
		Debug|Any CPU = Debug|Any CPU
		Release|Any CPU = Release|Any CPU
	EndGlobalSection
	GlobalSection(ProjectConfigurationPlatforms) = postSolution
		{B3B72B1B-2385-4A31-8C30-E760602B5D62}.Debug|Any CPU.ActiveCfg = Debug|Any CPU
		{B3B72B1B-2385-4A31-8C30-E760602B5D62}.Debug|Any CPU.Build.0 = Debug|Any CPU
		{B3B72B1B-2385-4A31-8C30-E760602B5D62}.Release|Any CPU.ActiveCfg = Release|Any CPU
		{B3B72B1B-2385-4A31-8C30-E760602B5D62}.Release|Any CPU.Build.0 = Release|Any CPU
	EndGlobalSection
	GlobalSection(SolutionProperties) = preSolution
		HideSolutionNode = FALSE
	EndGlobalSection
EndGlobal
